{
  "version": "4",
  "specifiers": {
    "jsr:@hono/hono@4.4.8": "4.4.8"
  },
  "jsr": {
    "@hono/hono@4.4.8": {
      "integrity": "6b387c666d4a1d2f50fbf7968ecaa73eb37690d08be0f5f3efe2d15dd6a679ce"
    }
  },
  "workspace": {
    "dependencies": [
      "jsr:@hono/hono@4.4.8",
      "jsr:@supabase/functions-js@*"
    ]
  }
}
